# This file is automatically @generated by Cargo.
# It is not intended for manual editing.
version = 3

[[package]]
name = "aho-corasick"
version = "0.7.18"
source = "registry+https://github.com/rust-lang/crates.io-index"
checksum = "1e37cfd5e7657ada45f742d6e99ca5788580b5c529dc78faf11ece6dc702656f"
dependencies = [
 "memchr",
]

[[package]]
name = "cc"
version = "1.0.73"
source = "registry+https://github.com/rust-lang/crates.io-index"
checksum = "2fff2a6927b3bb87f9595d67196a70493f627687a71d87a0d692242c33f58c11"

[[package]]
name = "itoa"
version = "1.0.2"
source = "registry+https://github.com/rust-lang/crates.io-index"
checksum = "112c678d4050afce233f4f2852bb2eb519230b3cf12f33585275537d7e41578d"

[[package]]
name = "lazy_static"
version = "1.4.0"
source = "registry+https://github.com/rust-lang/crates.io-index"
checksum = "e2abad23fbc42b3700f2f279844dc832adb2b2eb069b2df918f455c4e18cc646"

[[package]]
name = "memchr"
version = "2.5.0"
source = "registry+https://github.com/rust-lang/crates.io-index"
checksum = "2dffe52ecf27772e601905b7522cb4ef790d2cc203488bbd0e2fe85fcb74566d"

[[package]]
name = "proc-macro2"
version = "1.0.40"
source = "registry+https://github.com/rust-lang/crates.io-index"
checksum = "dd96a1e8ed2596c337f8eae5f24924ec83f5ad5ab21ea8e455d3566c69fbcaf7"
dependencies = [
 "unicode-ident",
]

[[package]]
name = "quote"
version = "1.0.20"
source = "registry+https://github.com/rust-lang/crates.io-index"
checksum = "3bcdf212e9776fbcb2d23ab029360416bb1706b1aea2d1a5ba002727cbcab804"
dependencies = [
 "proc-macro2",
]

[[package]]
name = "regex"
version = "1.5.6"
source = "registry+https://github.com/rust-lang/crates.io-index"
checksum = "d83f127d94bdbcda4c8cc2e50f6f84f4b611f69c902699ca385a39c3a75f9ff1"
dependencies = [
 "aho-corasick",
 "memchr",
 "regex-syntax",
]

[[package]]
name = "regex-syntax"
version = "0.6.26"
source = "registry+https://github.com/rust-lang/crates.io-index"
checksum = "49b3de9ec5dc0a3417da371aab17d729997c15010e7fd24ff707773a33bddb64"

[[package]]
name = "ryu"
version = "1.0.10"
source = "registry+https://github.com/rust-lang/crates.io-index"
checksum = "f3f6f92acf49d1b98f7a81226834412ada05458b7364277387724a237f062695"

[[package]]
name = "serde"
version = "1.0.137"
source = "registry+https://github.com/rust-lang/crates.io-index"
checksum = "61ea8d54c77f8315140a05f4c7237403bf38b72704d031543aa1d16abbf517d1"
dependencies = [
 "serde_derive",
]

[[package]]
name = "serde_derive"
version = "1.0.137"
source = "registry+https://github.com/rust-lang/crates.io-index"
checksum = "1f26faba0c3959972377d3b2d306ee9f71faee9714294e41bb777f83f88578be"
dependencies = [
 "proc-macro2",
 "quote",
 "syn",
]

[[package]]
name = "serde_json"
version = "1.0.81"
source = "registry+https://github.com/rust-lang/crates.io-index"
checksum = "9b7ce2b32a1aed03c558dc61a5cd328f15aff2dbc17daad8fb8af04d2100e15c"
dependencies = [
 "itoa",
 "ryu",
 "serde",
]

[[package]]
name = "slicer"
version = "0.1.0"
dependencies = [
 "lazy_static",
 "regex",
 "serde",
 "serde_json",
 "tree-sitter 0.20.7",
 "tree-sitter-c",
 "tree-sitter-c-sharp",
 "tree-sitter-cpp",
 "tree-sitter-go",
 "tree-sitter-java",
 "tree-sitter-javascript",
 "tree-sitter-python",
 "tree-sitter-ruby",
 "tree-sitter-rust",
 "tree-sitter-typescript",
]

[[package]]
name = "syn"
version = "1.0.98"
source = "registry+https://github.com/rust-lang/crates.io-index"
checksum = "c50aef8a904de4c23c788f104b7dddc7d6f79c647c7c8ce4cc8f73eb0ca773dd"
dependencies = [
 "proc-macro2",
 "quote",
 "unicode-ident",
]

[[package]]
name = "tree-sitter"
version = "0.19.5"
source = "registry+https://github.com/rust-lang/crates.io-index"
checksum = "ad726ec26496bf4c083fff0f43d4eb3a2ad1bba305323af5ff91383c0b6ecac0"
dependencies = [
 "cc",
 "regex",
]

[[package]]
name = "tree-sitter"
version = "0.20.7"
source = "registry+https://github.com/rust-lang/crates.io-index"
checksum = "549a9faf45679ad50b7f603253635598cf5e007d8ceb806a23f95355938f76a0"
dependencies = [
 "cc",
 "regex",
]

[[package]]
name = "tree-sitter-c"
version = "0.20.1"
source = "registry+https://github.com/rust-lang/crates.io-index"
checksum = "7bdc5574c6cbc39c409246caeb1dd4d3c4bd6d30d4e9b399776086c20365fd24"
dependencies = [
 "cc",
 "tree-sitter 0.20.7",
]

[[package]]
name = "tree-sitter-c-sharp"
version = "0.19.1"
source = "registry+https://github.com/rust-lang/crates.io-index"
checksum = "002425d3e43b49cf9dc93e90eb3246ec118bb649c7085a3b83e13264753faf69"
dependencies = [
 "cc",
 "tree-sitter 0.19.5",
]

[[package]]
name = "tree-sitter-cpp"
version = "0.20.0"
source = "registry+https://github.com/rust-lang/crates.io-index"
checksum = "8a869e3c5cef4e5db4e9ab16a8dc84d73010e60ada14cdc60d2f6d8aed17779d"
dependencies = [
 "cc",
 "tree-sitter 0.20.7",
]

[[package]]
name = "tree-sitter-go"
version = "0.19.1"
source = "registry+https://github.com/rust-lang/crates.io-index"
checksum = "71967701c8214be4aa77e0260e98361e6fd71ceec1d9d03abb37a22c9f60d0ff"
dependencies = [
 "cc",
 "tree-sitter 0.20.7",
]

[[package]]
name = "tree-sitter-java"
version = "0.19.0"
source = "registry+https://github.com/rust-lang/crates.io-index"
checksum = "301ae2ee7813e1bf935dc06db947642400645bbea8878431e1b31131488d5430"
dependencies = [
 "cc",
 "tree-sitter 0.19.5",
]

[[package]]
name = "tree-sitter-javascript"
version = "0.20.0"
source = "registry+https://github.com/rust-lang/crates.io-index"
checksum = "2490fab08630b2c8943c320f7b63473cbf65511c8d83aec551beb9b4375906ed"
dependencies = [
 "cc",
 "tree-sitter 0.20.7",
]

[[package]]
name = "tree-sitter-python"
version = "0.20.1"
source = "registry+https://github.com/rust-lang/crates.io-index"
checksum = "713170684ba94376b784b0c6dd23693461e15f96a806ed1848e40996e3cda7c7"
dependencies = [
 "cc",
 "tree-sitter 0.20.7",
]

[[package]]
name = "tree-sitter-ruby"
version = "0.19.0"
source = "registry+https://github.com/rust-lang/crates.io-index"
checksum = "38b8d9d12b864a5f587052046be0bb8c7ae005df605b3150224472c41705268d"
dependencies = [
 "cc",
 "tree-sitter 0.19.5",
]

[[package]]
name = "tree-sitter-rust"
version = "0.20.1"
source = "registry+https://github.com/rust-lang/crates.io-index"
checksum = "13470fafb7327a3acf96f5bc1013b5539a899a182f01c59b5af53f6b93195717"
dependencies = [
 "cc",
 "tree-sitter 0.20.7",
]

[[package]]
name = "tree-sitter-typescript"
version = "0.20.1"
source = "registry+https://github.com/rust-lang/crates.io-index"
checksum = "4e8ed0ecb931cdff13c6a13f45ccd615156e2779d9ffb0395864e05505e6e86d"
dependencies = [
 "cc",
 "tree-sitter 0.20.7",
]

[[package]]
name = "unicode-ident"
version = "1.0.1"
source = "registry+https://github.com/rust-lang/crates.io-index"
checksum = "5bd2fe26506023ed7b5e1e315add59d6f584c621d037f9368fea9cfb988f368c"
